<Solution>
  <Folder Name="/src/">
    <Project Path="src/RoslynMcp.Host/RoslynMcp.Host.csproj" />
    <Project Path="src/RoslynMcp.Tools/RoslynMcp.Tools.csproj" />
  </Folder>
  <Folder Name="/tests/">
    <Project Path="tests/RoslynMcp.Tools.Test/RoslynMcp.Tools.Test.csproj" />
  </Folder>
</Solution>
