<Solution>
  <Folder Name="/src/">
    <Project Path="src/RoslynMcp.Host/RoslynMcp.Host.csproj" />
    <Project Path="src/RoslynMcp.Infrastructure/RoslynMcp.Infrastructure.csproj" />
    <Project Path="src/RoslynMcp.Features/RoslynMcp.Features.csproj" />
    <Project Path="src/RoslynMcp.Core/RoslynMcp.Core.csproj" />
    <Project Path="src/RoslynMcp.Tools/RoslynMcp.Tools.csproj" />
  </Folder>
  <Folder Name="/tests/">
    <Project Path="tests/RoslynMcp.Features.Tests/RoslynMcp.Features.Tests.csproj" />
    <Project Path="tests/RoslynMcp.Tools.Tests/RoslynMcp.Tools.Tests.csproj" />
  </Folder>
</Solution>
